// !$*UTF8*$!
{
	archiveVersion = 1;
	classes = {
	};
	objectVersion = 51;
	objects = {

/* Begin PBXBuildFile section */
		728CF2D3571C20300C814D18 /* Pods_RSSParser.framework in Frameworks */ = {isa = PBXBuildFile; fileRef = 5B6DDF228E10E8723C6C0807 /* Pods_RSSParser.framework */; };
		7409048C24B453FD008AAA9B /* AppDelegate.swift in Sources */ = {isa = PBXBuildFile; fileRef = 7409048B24B453FD008AAA9B /* AppDelegate.swift */; };
		7409048E24B453FD008AAA9B /* SceneDelegate.swift in Sources */ = {isa = PBXBuildFile; fileRef = 7409048D24B453FD008AAA9B /* SceneDelegate.swift */; };
		7409049524B45405008AAA9B /* Assets.xcassets in Resources */ = {isa = PBXBuildFile; fileRef = 7409049424B45405008AAA9B /* Assets.xcassets */; };
		740904A024B48919008AAA9B /* NewsFeed.storyboard in Resources */ = {isa = PBXBuildFile; fileRef = 7409049F24B48919008AAA9B /* NewsFeed.storyboard */; };
		740904A224B49163008AAA9B /* NewsFeedController.swift in Sources */ = {isa = PBXBuildFile; fileRef = 740904A124B49163008AAA9B /* NewsFeedController.swift */; };
		740904A524B59515008AAA9B /* News.swift in Sources */ = {isa = PBXBuildFile; fileRef = 740904A424B59515008AAA9B /* News.swift */; };
		740904AE24B60920008AAA9B /* News.storyboard in Resources */ = {isa = PBXBuildFile; fileRef = 740904AD24B60920008AAA9B /* News.storyboard */; };
		740904B024B60950008AAA9B /* NewsViewController.swift in Sources */ = {isa = PBXBuildFile; fileRef = 740904AF24B60950008AAA9B /* NewsViewController.swift */; };
		740904B424B61094008AAA9B /* NewsFeedCell.swift in Sources */ = {isa = PBXBuildFile; fileRef = 740904B224B61094008AAA9B /* NewsFeedCell.swift */; };
		740904B524B61094008AAA9B /* NewsFeedCell.xib in Resources */ = {isa = PBXBuildFile; fileRef = 740904B324B61094008AAA9B /* NewsFeedCell.xib */; };
		740904B824B615DF008AAA9B /* ImageDownloader.swift in Sources */ = {isa = PBXBuildFile; fileRef = 740904B724B615DF008AAA9B /* ImageDownloader.swift */; };
		740904BA24B6161D008AAA9B /* ErrorAlertService.swift in Sources */ = {isa = PBXBuildFile; fileRef = 740904B924B6161D008AAA9B /* ErrorAlertService.swift */; };
		740904BC24B61643008AAA9B /* NetworkErrorService.swift in Sources */ = {isa = PBXBuildFile; fileRef = 740904BB24B61643008AAA9B /* NetworkErrorService.swift */; };
		740904BE24B61670008AAA9B /* NetworkService.swift in Sources */ = {isa = PBXBuildFile; fileRef = 740904BD24B61670008AAA9B /* NetworkService.swift */; };
		740904C024B616C0008AAA9B /* NewsFeedService.swift in Sources */ = {isa = PBXBuildFile; fileRef = 740904BF24B616C0008AAA9B /* NewsFeedService.swift */; };
		740904C424B6590F008AAA9B /* ProgressIndicator.swift in Sources */ = {isa = PBXBuildFile; fileRef = 740904C324B6590F008AAA9B /* ProgressIndicator.swift */; };
		740904C824B767BE008AAA9B /* AppConstants.swift in Sources */ = {isa = PBXBuildFile; fileRef = 740904C724B767BE008AAA9B /* AppConstants.swift */; };
		740904CD24B7848E008AAA9B /* PresentService.swift in Sources */ = {isa = PBXBuildFile; fileRef = 740904CC24B7848E008AAA9B /* PresentService.swift */; };
/* End PBXBuildFile section */

/* Begin PBXFileReference section */
		25DC03336D8A1D94B9C117BF /* Pods-RSSParser.debug.xcconfig */ = {isa = PBXFileReference; includeInIndex = 1; lastKnownFileType = text.xcconfig; name = "Pods-RSSParser.debug.xcconfig"; path = "Target Support Files/Pods-RSSParser/Pods-RSSParser.debug.xcconfig"; sourceTree = "<group>"; };
		5B6DDF228E10E8723C6C0807 /* Pods_RSSParser.framework */ = {isa = PBXFileReference; explicitFileType = wrapper.framework; includeInIndex = 0; path = Pods_RSSParser.framework; sourceTree = BUILT_PRODUCTS_DIR; };
		67C89DC9022752C2171E8D7F /* Pods-RSSParser.release.xcconfig */ = {isa = PBXFileReference; includeInIndex = 1; lastKnownFileType = text.xcconfig; name = "Pods-RSSParser.release.xcconfig"; path = "Target Support Files/Pods-RSSParser/Pods-RSSParser.release.xcconfig"; sourceTree = "<group>"; };
		7409048824B453FD008AAA9B /* RSSParser.app */ = {isa = PBXFileReference; explicitFileType = wrapper.application; includeInIndex = 0; path = RSSParser.app; sourceTree = BUILT_PRODUCTS_DIR; };
		7409048B24B453FD008AAA9B /* AppDelegate.swift */ = {isa = PBXFileReference; lastKnownFileType = sourcecode.swift; path = AppDelegate.swift; sourceTree = "<group>"; };
		7409048D24B453FD008AAA9B /* SceneDelegate.swift */ = {isa = PBXFileReference; lastKnownFileType = sourcecode.swift; path = SceneDelegate.swift; sourceTree = "<group>"; };
		7409049424B45405008AAA9B /* Assets.xcassets */ = {isa = PBXFileReference; lastKnownFileType = folder.assetcatalog; path = Assets.xcassets; sourceTree = "<group>"; };
		7409049724B45405008AAA9B /* Base */ = {isa = PBXFileReference; lastKnownFileType = file.storyboard; name = Base; path = Base.lproj/LaunchScreen.storyboard; sourceTree = "<group>"; };
		7409049924B45405008AAA9B /* Info.plist */ = {isa = PBXFileReference; lastKnownFileType = text.plist.xml; path = Info.plist; sourceTree = "<group>"; };
		7409049F24B48919008AAA9B /* NewsFeed.storyboard */ = {isa = PBXFileReference; lastKnownFileType = file.storyboard; path = NewsFeed.storyboard; sourceTree = "<group>"; };
		740904A124B49163008AAA9B /* NewsFeedController.swift */ = {isa = PBXFileReference; lastKnownFileType = sourcecode.swift; path = NewsFeedController.swift; sourceTree = "<group>"; };
		740904A424B59515008AAA9B /* News.swift */ = {isa = PBXFileReference; lastKnownFileType = sourcecode.swift; path = News.swift; sourceTree = "<group>"; };
		740904AD24B60920008AAA9B /* News.storyboard */ = {isa = PBXFileReference; lastKnownFileType = file.storyboard; path = News.storyboard; sourceTree = "<group>"; };
		740904AF24B60950008AAA9B /* NewsViewController.swift */ = {isa = PBXFileReference; lastKnownFileType = sourcecode.swift; path = NewsViewController.swift; sourceTree = "<group>"; };
		740904B224B61094008AAA9B /* NewsFeedCell.swift */ = {isa = PBXFileReference; lastKnownFileType = sourcecode.swift; path = NewsFeedCell.swift; sourceTree = "<group>"; };
		740904B324B61094008AAA9B /* NewsFeedCell.xib */ = {isa = PBXFileReference; lastKnownFileType = file.xib; path = NewsFeedCell.xib; sourceTree = "<group>"; };
		740904B724B615DF008AAA9B /* ImageDownloader.swift */ = {isa = PBXFileReference; lastKnownFileType = sourcecode.swift; path = ImageDownloader.swift; sourceTree = "<group>"; };
		740904B924B6161D008AAA9B /* ErrorAlertService.swift */ = {isa = PBXFileReference; lastKnownFileType = sourcecode.swift; path = ErrorAlertService.swift; sourceTree = "<group>"; };
		740904BB24B61643008AAA9B /* NetworkErrorService.swift */ = {isa = PBXFileReference; lastKnownFileType = sourcecode.swift; path = NetworkErrorService.swift; sourceTree = "<group>"; };
		740904BD24B61670008AAA9B /* NetworkService.swift */ = {isa = PBXFileReference; lastKnownFileType = sourcecode.swift; path = NetworkService.swift; sourceTree = "<group>"; };
		740904BF24B616C0008AAA9B /* NewsFeedService.swift */ = {isa = PBXFileReference; lastKnownFileType = sourcecode.swift; path = NewsFeedService.swift; sourceTree = "<group>"; };
		740904C324B6590F008AAA9B /* ProgressIndicator.swift */ = {isa = PBXFileReference; lastKnownFileType = sourcecode.swift; path = ProgressIndicator.swift; sourceTree = "<group>"; };
		740904C724B767BE008AAA9B /* AppConstants.swift */ = {isa = PBXFileReference; lastKnownFileType = sourcecode.swift; path = AppConstants.swift; sourceTree = "<group>"; };
		740904CC24B7848E008AAA9B /* PresentService.swift */ = {isa = PBXFileReference; lastKnownFileType = sourcecode.swift; path = PresentService.swift; sourceTree = "<group>"; };
/* End PBXFileReference section */

/* Begin PBXFrameworksBuildPhase section */
		7409048524B453FD008AAA9B /* Frameworks */ = {
			isa = PBXFrameworksBuildPhase;
			buildActionMask = 2147483647;
			files = (
				728CF2D3571C20300C814D18 /* Pods_RSSParser.framework in Frameworks */,
			);
			runOnlyForDeploymentPostprocessing = 0;
		};
/* End PBXFrameworksBuildPhase section */

/* Begin PBXGroup section */
		7409047F24B453FD008AAA9B = {
			isa = PBXGroup;
			children = (
				7409048A24B453FD008AAA9B /* RSSParser */,
				7409048924B453FD008AAA9B /* Products */,
				EBB209A5CE62BE85D958DC94 /* Pods */,
				F11BFD5692CAE66D7228B5B3 /* Frameworks */,
			);
			sourceTree = "<group>";
		};
		7409048924B453FD008AAA9B /* Products */ = {
			isa = PBXGroup;
			children = (
				7409048824B453FD008AAA9B /* RSSParser.app */,
			);
			name = Products;
			sourceTree = "<group>";
		};
		7409048A24B453FD008AAA9B /* RSSParser */ = {
			isa = PBXGroup;
			children = (
				7409048B24B453FD008AAA9B /* AppDelegate.swift */,
				7409048D24B453FD008AAA9B /* SceneDelegate.swift */,
				740904C624B7677F008AAA9B /* Constants */,
				740904B624B615B0008AAA9B /* Services */,
				740904A624B59C44008AAA9B /* Scene */,
				740904A824B59CA4008AAA9B /* View */,
				7409049424B45405008AAA9B /* Assets.xcassets */,
				7409049924B45405008AAA9B /* Info.plist */,
				740904A324B4C60A008AAA9B /* Model */,
			);
			path = RSSParser;
			sourceTree = "<group>";
		};
		740904A324B4C60A008AAA9B /* Model */ = {
			isa = PBXGroup;
			children = (
				740904A424B59515008AAA9B /* News.swift */,
			);
			path = Model;
			sourceTree = "<group>";
		};
		740904A624B59C44008AAA9B /* Scene */ = {
			isa = PBXGroup;
			children = (
				740904AC24B6090A008AAA9B /* News */,
				740904A724B59C5A008AAA9B /* NewsFeed */,
			);
			path = Scene;
			sourceTree = "<group>";
		};
		740904A724B59C5A008AAA9B /* NewsFeed */ = {
			isa = PBXGroup;
			children = (
				740904C524B76274008AAA9B /* View */,
				7409049F24B48919008AAA9B /* NewsFeed.storyboard */,
				740904A124B49163008AAA9B /* NewsFeedController.swift */,
			);
			path = NewsFeed;
			sourceTree = "<group>";
		};
		740904A824B59CA4008AAA9B /* View */ = {
			isa = PBXGroup;
			children = (
				7409049624B45405008AAA9B /* LaunchScreen.storyboard */,
			);
			path = View;
			sourceTree = "<group>";
		};
		740904AC24B6090A008AAA9B /* News */ = {
			isa = PBXGroup;
			children = (
				740904AD24B60920008AAA9B /* News.storyboard */,
				740904AF24B60950008AAA9B /* NewsViewController.swift */,
			);
			path = News;
			sourceTree = "<group>";
		};
		740904B124B61024008AAA9B /* Cell */ = {
			isa = PBXGroup;
			children = (
				740904B224B61094008AAA9B /* NewsFeedCell.swift */,
				740904B324B61094008AAA9B /* NewsFeedCell.xib */,
			);
			path = Cell;
			sourceTree = "<group>";
		};
		740904B624B615B0008AAA9B /* Services */ = {
			isa = PBXGroup;
			children = (
				740904B724B615DF008AAA9B /* ImageDownloader.swift */,
				740904B924B6161D008AAA9B /* ErrorAlertService.swift */,
				740904BB24B61643008AAA9B /* NetworkErrorService.swift */,
				740904BD24B61670008AAA9B /* NetworkService.swift */,
				740904BF24B616C0008AAA9B /* NewsFeedService.swift */,
				740904CC24B7848E008AAA9B /* PresentService.swift */,
			);
			path = Services;
			sourceTree = "<group>";
		};
		740904C524B76274008AAA9B /* View */ = {
			isa = PBXGroup;
			children = (
				740904C324B6590F008AAA9B /* ProgressIndicator.swift */,
				740904B124B61024008AAA9B /* Cell */,
			);
			path = View;
			sourceTree = "<group>";
		};
		740904C624B7677F008AAA9B /* Constants */ = {
			isa = PBXGroup;
			children = (
				740904C724B767BE008AAA9B /* AppConstants.swift */,
			);
			path = Constants;
			sourceTree = "<group>";
		};
		EBB209A5CE62BE85D958DC94 /* Pods */ = {
			isa = PBXGroup;
			children = (
				25DC03336D8A1D94B9C117BF /* Pods-RSSParser.debug.xcconfig */,
				67C89DC9022752C2171E8D7F /* Pods-RSSParser.release.xcconfig */,
			);
			path = Pods;
			sourceTree = "<group>";
		};
		F11BFD5692CAE66D7228B5B3 /* Frameworks */ = {
			isa = PBXGroup;
			children = (
				5B6DDF228E10E8723C6C0807 /* Pods_RSSParser.framework */,
			);
			name = Frameworks;
			sourceTree = "<group>";
		};
/* End PBXGroup section */

/* Begin PBXNativeTarget section */
		7409048724B453FD008AAA9B /* RSSParser */ = {
			isa = PBXNativeTarget;
			buildConfigurationList = 7409049C24B45405008AAA9B /* Build configuration list for PBXNativeTarget "RSSParser" */;
			buildPhases = (
				D0A9F6E2211E484C5EA68B3B /* [CP] Check Pods Manifest.lock */,
				7409048424B453FD008AAA9B /* Sources */,
				7409048524B453FD008AAA9B /* Frameworks */,
				7409048624B453FD008AAA9B /* Resources */,
				CBBA4493E1EA28B0112F0FA0 /* [CP] Embed Pods Frameworks */,
			);
			buildRules = (
			);
			dependencies = (
			);
			name = RSSParser;
			productName = RSSParser;
			productReference = 7409048824B453FD008AAA9B /* RSSParser.app */;
			productType = "com.apple.product-type.application";
		};
/* End PBXNativeTarget section */

/* Begin PBXProject section */
		7409048024B453FD008AAA9B /* Project object */ = {
			isa = PBXProject;
			attributes = {
				LastSwiftUpdateCheck = 1130;
				LastUpgradeCheck = 1130;
				ORGANIZATIONNAME = Egor;
				TargetAttributes = {
					7409048724B453FD008AAA9B = {
						CreatedOnToolsVersion = 11.3.1;
					};
				};
			};
			buildConfigurationList = 7409048324B453FD008AAA9B /* Build configuration list for PBXProject "RSSParser" */;
			compatibilityVersion = "Xcode 9.3";
			developmentRegion = en;
			hasScannedForEncodings = 0;
			knownRegions = (
				en,
				Base,
			);
			mainGroup = 7409047F24B453FD008AAA9B;
			productRefGroup = 7409048924B453FD008AAA9B /* Products */;
			projectDirPath = "";
			projectRoot = "";
			targets = (
				7409048724B453FD008AAA9B /* RSSParser */,
			);
		};
/* End PBXProject section */

/* Begin PBXResourcesBuildPhase section */
		7409048624B453FD008AAA9B /* Resources */ = {
			isa = PBXResourcesBuildPhase;
			buildActionMask = 2147483647;
			files = (
				7409049524B45405008AAA9B /* Assets.xcassets in Resources */,
				740904B524B61094008AAA9B /* NewsFeedCell.xib in Resources */,
				740904AE24B60920008AAA9B /* News.storyboard in Resources */,
				740904A024B48919008AAA9B /* NewsFeed.storyboard in Resources */,
			);
			runOnlyForDeploymentPostprocessing = 0;
		};
/* End PBXResourcesBuildPhase section */

/* Begin PBXShellScriptBuildPhase section */
		CBBA4493E1EA28B0112F0FA0 /* [CP] Embed Pods Frameworks */ = {
			isa = PBXShellScriptBuildPhase;
			buildActionMask = 2147483647;
			files = (
			);
			inputFileListPaths = (
				"${PODS_ROOT}/Target Support Files/Pods-RSSParser/Pods-RSSParser-frameworks-${CONFIGURATION}-input-files.xcfilelist",
			);
			name = "[CP] Embed Pods Frameworks";
			outputFileListPaths = (
				"${PODS_ROOT}/Target Support Files/Pods-RSSParser/Pods-RSSParser-frameworks-${CONFIGURATION}-output-files.xcfilelist",
			);
			runOnlyForDeploymentPostprocessing = 0;
			shellPath = /bin/sh;
			shellScript = "\"${PODS_ROOT}/Target Support Files/Pods-RSSParser/Pods-RSSParser-frameworks.sh\"\n";
			showEnvVarsInLog = 0;
		};
		D0A9F6E2211E484C5EA68B3B /* [CP] Check Pods Manifest.lock */ = {
			isa = PBXShellScriptBuildPhase;
			buildActionMask = 2147483647;
			files = (
			);
			inputFileListPaths = (
			);
			inputPaths = (
				"${PODS_PODFILE_DIR_PATH}/Podfile.lock",
				"${PODS_ROOT}/Manifest.lock",
			);
			name = "[CP] Check Pods Manifest.lock";
			outputFileListPaths = (
			);
			outputPaths = (
				"$(DERIVED_FILE_DIR)/Pods-RSSParser-checkManifestLockResult.txt",
			);
			runOnlyForDeploymentPostprocessing = 0;
			shellPath = /bin/sh;
			shellScript = "diff \"${PODS_PODFILE_DIR_PATH}/Podfile.lock\" \"${PODS_ROOT}/Manifest.lock\" > /dev/null\nif [ $? != 0 ] ; then\n    # print error to STDERR\n    echo \"error: The sandbox is not in sync with the Podfile.lock. Run 'pod install' or update your CocoaPods installation.\" >&2\n    exit 1\nfi\n# This output is used by Xcode 'outputs' to avoid re-running this script phase.\necho \"SUCCESS\" > \"${SCRIPT_OUTPUT_FILE_0}\"\n";
			showEnvVarsInLog = 0;
		};
/* End PBXShellScriptBuildPhase section */

/* Begin PBXSourcesBuildPhase section */
		7409048424B453FD008AAA9B /* Sources */ = {
			isa = PBXSourcesBuildPhase;
			buildActionMask = 2147483647;
			files = (
				740904C424B6590F008AAA9B /* ProgressIndicator.swift in Sources */,
				740904BE24B61670008AAA9B /* NetworkService.swift in Sources */,
				740904A224B49163008AAA9B /* NewsFeedController.swift in Sources */,
				740904B824B615DF008AAA9B /* ImageDownloader.swift in Sources */,
				7409048C24B453FD008AAA9B /* AppDelegate.swift in Sources */,
				740904CD24B7848E008AAA9B /* PresentService.swift in Sources */,
				740904B024B60950008AAA9B /* NewsViewController.swift in Sources */,
				740904BC24B61643008AAA9B /* NetworkErrorService.swift in Sources */,
				740904B424B61094008AAA9B /* NewsFeedCell.swift in Sources */,
				740904BA24B6161D008AAA9B /* ErrorAlertService.swift in Sources */,
				740904A524B59515008AAA9B /* News.swift in Sources */,
				740904C824B767BE008AAA9B /* AppConstants.swift in Sources */,
				740904C024B616C0008AAA9B /* NewsFeedService.swift in Sources */,
				7409048E24B453FD008AAA9B /* SceneDelegate.swift in Sources */,
			);
			runOnlyForDeploymentPostprocessing = 0;
		};
/* End PBXSourcesBuildPhase section */

/* Begin PBXVariantGroup section */
		7409049624B45405008AAA9B /* LaunchScreen.storyboard */ = {
			isa = PBXVariantGroup;
			children = (
				7409049724B45405008AAA9B /* Base */,
			);
			name = LaunchScreen.storyboard;
			sourceTree = "<group>";
		};
/* End PBXVariantGroup section */

/* Begin XCBuildConfiguration section */
		7409049A24B45405008AAA9B /* Debug */ = {
			isa = XCBuildConfiguration;
			buildSettings = {
				ALWAYS_SEARCH_USER_PATHS = NO;
				CLANG_ANALYZER_NONNULL = YES;
				CLANG_ANALYZER_NUMBER_OBJECT_CONVERSION = YES_AGGRESSIVE;
				CLANG_CXX_LANGUAGE_STANDARD = "gnu++14";
				CLANG_CXX_LIBRARY = "libc++";
				CLANG_ENABLE_MODULES = YES;
				CLANG_ENABLE_OBJC_ARC = YES;
				CLANG_ENABLE_OBJC_WEAK = YES;
				CLANG_WARN_BLOCK_CAPTURE_AUTORELEASING = YES;
				CLANG_WARN_BOOL_CONVERSION = YES;
				CLANG_WARN_COMMA = YES;
				CLANG_WARN_CONSTANT_CONVERSION = YES;
				CLANG_WARN_DEPRECATED_OBJC_IMPLEMENTATIONS = YES;
				CLANG_WARN_DIRECT_OBJC_ISA_USAGE = YES_ERROR;
				CLANG_WARN_DOCUMENTATION_COMMENTS = YES;
				CLANG_WARN_EMPTY_BODY = YES;
				CLANG_WARN_ENUM_CONVERSION = YES;
				CLANG_WARN_INFINITE_RECURSION = YES;
				CLANG_WARN_INT_CONVERSION = YES;
				CLANG_WARN_NON_LITERAL_NULL_CONVERSION = YES;
				CLANG_WARN_OBJC_IMPLICIT_RETAIN_SELF = YES;
				CLANG_WARN_OBJC_LITERAL_CONVERSION = YES;
				CLANG_WARN_OBJC_ROOT_CLASS = YES_ERROR;
				CLANG_WARN_RANGE_LOOP_ANALYSIS = YES;
				CLANG_WARN_STRICT_PROTOTYPES = YES;
				CLANG_WARN_SUSPICIOUS_MOVE = YES;
				CLANG_WARN_UNGUARDED_AVAILABILITY = YES_AGGRESSIVE;
				CLANG_WARN_UNREACHABLE_CODE = YES;
				CLANG_WARN__DUPLICATE_METHOD_MATCH = YES;
				COPY_PHASE_STRIP = NO;
				DEBUG_INFORMATION_FORMAT = dwarf;
				ENABLE_STRICT_OBJC_MSGSEND = YES;
				ENABLE_TESTABILITY = YES;
				GCC_C_LANGUAGE_STANDARD = gnu11;
				GCC_DYNAMIC_NO_PIC = NO;
				GCC_NO_COMMON_BLOCKS = YES;
				GCC_OPTIMIZATION_LEVEL = 0;
				GCC_PREPROCESSOR_DEFINITIONS = (
					"DEBUG=1",
					"$(inherited)",
				);
				GCC_WARN_64_TO_32_BIT_CONVERSION = YES;
				GCC_WARN_ABOUT_RETURN_TYPE = YES_ERROR;
				GCC_WARN_UNDECLARED_SELECTOR = YES;
				GCC_WARN_UNINITIALIZED_AUTOS = YES_AGGRESSIVE;
				GCC_WARN_UNUSED_FUNCTION = YES;
				GCC_WARN_UNUSED_VARIABLE = YES;
				IPHONEOS_DEPLOYMENT_TARGET = 13.2;
				MTL_ENABLE_DEBUG_INFO = INCLUDE_SOURCE;
				MTL_FAST_MATH = YES;
				ONLY_ACTIVE_ARCH = YES;
				SDKROOT = iphoneos;
				SWIFT_ACTIVE_COMPILATION_CONDITIONS = DEBUG;
				SWIFT_OPTIMIZATION_LEVEL = "-Onone";
			};
			name = Debug;
		};
		7409049B24B45405008AAA9B /* Release */ = {
			isa = XCBuildConfiguration;
			buildSettings = {
				ALWAYS_SEARCH_USER_PATHS = NO;
				CLANG_ANALYZER_NONNULL = YES;
				CLANG_ANALYZER_NUMBER_OBJECT_CONVERSION = YES_AGGRESSIVE;
				CLANG_CXX_LANGUAGE_STANDARD = "gnu++14";
				CLANG_CXX_LIBRARY = "libc++";
				CLANG_ENABLE_MODULES = YES;
				CLANG_ENABLE_OBJC_ARC = YES;
				CLANG_ENABLE_OBJC_WEAK = YES;
				CLANG_WARN_BLOCK_CAPTURE_AUTORELEASING = YES;
				CLANG_WARN_BOOL_CONVERSION = YES;
				CLANG_WARN_COMMA = YES;
				CLANG_WARN_CONSTANT_CONVERSION = YES;
				CLANG_WARN_DEPRECATED_OBJC_IMPLEMENTATIONS = YES;
				CLANG_WARN_DIRECT_OBJC_ISA_USAGE = YES_ERROR;
				CLANG_WARN_DOCUMENTATION_COMMENTS = YES;
				CLANG_WARN_EMPTY_BODY = YES;
				CLANG_WARN_ENUM_CONVERSION = YES;
				CLANG_WARN_INFINITE_RECURSION = YES;
				CLANG_WARN_INT_CONVERSION = YES;
				CLANG_WARN_NON_LITERAL_NULL_CONVERSION = YES;
				CLANG_WARN_OBJC_IMPLICIT_RETAIN_SELF = YES;
				CLANG_WARN_OBJC_LITERAL_CONVERSION = YES;
				CLANG_WARN_OBJC_ROOT_CLASS = YES_ERROR;
				CLANG_WARN_RANGE_LOOP_ANALYSIS = YES;
				CLANG_WARN_STRICT_PROTOTYPES = YES;
				CLANG_WARN_SUSPICIOUS_MOVE = YES;
				CLANG_WARN_UNGUARDED_AVAILABILITY = YES_AGGRESSIVE;
				CLANG_WARN_UNREACHABLE_CODE = YES;
				CLANG_WARN__DUPLICATE_METHOD_MATCH = YES;
				COPY_PHASE_STRIP = NO;
				DEBUG_INFORMATION_FORMAT = "dwarf-with-dsym";
				ENABLE_NS_ASSERTIONS = NO;
				ENABLE_STRICT_OBJC_MSGSEND = YES;
				GCC_C_LANGUAGE_STANDARD = gnu11;
				GCC_NO_COMMON_BLOCKS = YES;
				GCC_WARN_64_TO_32_BIT_CONVERSION = YES;
				GCC_WARN_ABOUT_RETURN_TYPE = YES_ERROR;
				GCC_WARN_UNDECLARED_SELECTOR = YES;
				GCC_WARN_UNINITIALIZED_AUTOS = YES_AGGRESSIVE;
				GCC_WARN_UNUSED_FUNCTION = YES;
				GCC_WARN_UNUSED_VARIABLE = YES;
				IPHONEOS_DEPLOYMENT_TARGET = 13.2;
				MTL_ENABLE_DEBUG_INFO = NO;
				MTL_FAST_MATH = YES;
				SDKROOT = iphoneos;
				SWIFT_COMPILATION_MODE = wholemodule;
				SWIFT_OPTIMIZATION_LEVEL = "-O";
				VALIDATE_PRODUCT = YES;
			};
			name = Release;
		};
		7409049D24B45405008AAA9B /* Debug */ = {
			isa = XCBuildConfiguration;
			baseConfigurationReference = 25DC03336D8A1D94B9C117BF /* Pods-RSSParser.debug.xcconfig */;
			buildSettings = {
				ASSETCATALOG_COMPILER_APPICON_NAME = AppIcon;
				CODE_SIGN_STYLE = Automatic;
				DEVELOPMENT_TEAM = NX67BD27T2;
				INFOPLIST_FILE = RSSParser/Info.plist;
				LD_RUNPATH_SEARCH_PATHS = (
					"$(inherited)",
					"@executable_path/Frameworks",
				);
				PRODUCT_BUNDLE_IDENTIFIER = hmaraegor.RSSParser;
				PRODUCT_NAME = "$(TARGET_NAME)";
				SWIFT_VERSION = 5.0;
				TARGETED_DEVICE_FAMILY = "1,2";
			};
			name = Debug;
		};
		7409049E24B45405008AAA9B /* Release */ = {
			isa = XCBuildConfiguration;
			baseConfigurationReference = 67C89DC9022752C2171E8D7F /* Pods-RSSParser.release.xcconfig */;
			buildSettings = {
				ASSETCATALOG_COMPILER_APPICON_NAME = AppIcon;
				CODE_SIGN_STYLE = Automatic;
				DEVELOPMENT_TEAM = NX67BD27T2;
				INFOPLIST_FILE = RSSParser/Info.plist;
				LD_RUNPATH_SEARCH_PATHS = (
					"$(inherited)",
					"@executable_path/Frameworks",
				);
				PRODUCT_BUNDLE_IDENTIFIER = hmaraegor.RSSParser;
				PRODUCT_NAME = "$(TARGET_NAME)";
				SWIFT_VERSION = 5.0;
				TARGETED_DEVICE_FAMILY = "1,2";
			};
			name = Release;
		};
/* End XCBuildConfiguration section */

/* Begin XCConfigurationList section */
		7409048324B453FD008AAA9B /* Build configuration list for PBXProject "RSSParser" */ = {
			isa = XCConfigurationList;
			buildConfigurations = (
				7409049A24B45405008AAA9B /* Debug */,
				7409049B24B45405008AAA9B /* Release */,
			);
			defaultConfigurationIsVisible = 0;
			defaultConfigurationName = Release;
		};
		7409049C24B45405008AAA9B /* Build configuration list for PBXNativeTarget "RSSParser" */ = {
			isa = XCConfigurationList;
			buildConfigurations = (
				7409049D24B45405008AAA9B /* Debug */,
				7409049E24B45405008AAA9B /* Release */,
			);
			defaultConfigurationIsVisible = 0;
			defaultConfigurationName = Release;
		};
/* End XCConfigurationList section */
	};
	rootObject = 7409048024B453FD008AAA9B /* Project object */;
}
